{
  "name": "convert-locale-to-csv",
  "version": "1.0.0",
  "lockfileVersion": 3,
  "requires": true,
  "packages": {
    "": {
      "name": "convert-locale-to-csv",
      "version": "1.0.0",
      "license": "ISC",
      "dependencies": {
        "nodejs-polars": "^0.23.5"
      }
    },
    "node_modules/nodejs-polars": {
      "version": "0.23.5",
      "resolved": "https://registry.npmjs.org/nodejs-polars/-/nodejs-polars-0.23.5.tgz",
      "integrity": "sha512-CurrTVkQkobicEyE1wNBIIgnWFxKqTRqz9sPMmUvS9qKk9H+fDdebaVdaHNVg+I4/G9/91vzTnTNMEYvgyGggA==",
      "license": "MIT",
      "workspaces": [
        "benches"
      ],
      "engines": {
        "node": ">= 20"
      },
      "optionalDependencies": {
        "nodejs-polars-android-arm64": "0.23.5",
        "nodejs-polars-darwin-arm64": "0.23.5",
        "nodejs-polars-darwin-x64": "0.23.5",
        "nodejs-polars-linux-arm64-gnu": "0.23.5",
        "nodejs-polars-linux-arm64-musl": "0.23.5",
        "nodejs-polars-linux-x64-gnu": "0.23.5",
        "nodejs-polars-linux-x64-musl": "0.23.5",
        "nodejs-polars-win32-x64-msvc": "0.23.5"
      }
    },
    "node_modules/nodejs-polars-android-arm64": {
      "version": "0.23.5",
      "resolved": "https://registry.npmjs.org/nodejs-polars-android-arm64/-/nodejs-polars-android-arm64-0.23.5.tgz",
      "integrity": "sha512-tb10Wlyt0vucmFSzIoshJJXA4BnIFFIBZibG8MAQBm3A6lm+jkkr14LebpbXbpA1OwnYP2Ymu6K9DWqirK5Ixg==",
      "cpu": [
        "arm64"
      ],
      "license": "SEE LICENSE IN LICENSE",
      "optional": true,
      "os": [
        "android"
      ],
      "engines": {
        "node": ">= 16"
      }
    },
    "node_modules/nodejs-polars-darwin-arm64": {
      "version": "0.23.5",
      "resolved": "https://registry.npmjs.org/nodejs-polars-darwin-arm64/-/nodejs-polars-darwin-arm64-0.23.5.tgz",
      "integrity": "sha512-3gtvjyUjBjPfw6ZdhWJhnRWw09XIfYXJAgdnE9u2BevnerCtUbACuFyxAJRT33sIvDM2kGQLfcCVP+eKkqOCuQ==",
      "cpu": [
        "arm64"
      ],
      "license": "SEE LICENSE IN LICENSE",
      "optional": true,
      "os": [
        "darwin"
      ],
      "engines": {
        "node": ">= 16"
      }
    },
    "node_modules/nodejs-polars-darwin-x64": {
      "version": "0.23.5",
      "resolved": "https://registry.npmjs.org/nodejs-polars-darwin-x64/-/nodejs-polars-darwin-x64-0.23.5.tgz",
      "integrity": "sha512-oKHW7WWA5JZK9rL0DxkHifxsZpXmDtjzOFTbSCzgLjtOT7tCgQzh6QH38RCSMKC4/DUFQA93cyEmjUY1xHSXIA==",
      "cpu": [
        "x64"
      ],
      "license": "SEE LICENSE IN LICENSE",
      "optional": true,
      "os": [
        "darwin"
      ],
      "engines": {
        "node": ">= 16"
      }
    },
    "node_modules/nodejs-polars-linux-arm64-gnu": {
      "version": "0.23.5",
      "resolved": "https://registry.npmjs.org/nodejs-polars-linux-arm64-gnu/-/nodejs-polars-linux-arm64-gnu-0.23.5.tgz",
      "integrity": "sha512-bmJpzkcmDx10dh0uupGYGYmpf1333CbVg2fZWsNIZRBU157KkJhspEC96JGrsZp9AUppUtZ5i8VEWFVFOtUlWQ==",
      "cpu": [
        "arm64"
      ],
      "license": "SEE LICENSE IN LICENSE",
      "optional": true,
      "os": [
        "linux"
      ],
      "engines": {
        "node": ">= 16"
      }
    },
    "node_modules/nodejs-polars-linux-arm64-musl": {
      "version": "0.23.5",
      "resolved": "https://registry.npmjs.org/nodejs-polars-linux-arm64-musl/-/nodejs-polars-linux-arm64-musl-0.23.5.tgz",
      "integrity": "sha512-6d7ds8OvOJ4H58ckrsVKc94JP/A7gIh0lPnqcVV56h/s80oN07EE6RRjBiS0gfIjjNDuB2hCLe8wd/hSvNm3HA==",
      "cpu": [
        "arm64"
      ],
      "license": "SEE LICENSE IN LICENSE",
      "optional": true,
      "os": [
        "linux"
      ],
      "engines": {
        "node": ">= 16"
      }
    },
    "node_modules/nodejs-polars-linux-x64-gnu": {
      "version": "0.23.5",
      "resolved": "https://registry.npmjs.org/nodejs-polars-linux-x64-gnu/-/nodejs-polars-linux-x64-gnu-0.23.5.tgz",
      "integrity": "sha512-vUIs8ahJFVVl+UiS5K24A8aJPrIJCsVpI9A89qGOZD6fNl87lxQMuaYpDBTu9GCW0MiYZ+i3Jz6hIA9oWBLmJA==",
      "cpu": [
        "x64"
      ],
      "license": "SEE LICENSE IN LICENSE",
      "optional": true,
      "os": [
        "linux"
      ],
      "engines": {
        "node": ">= 16"
      }
    },
    "node_modules/nodejs-polars-linux-x64-musl": {
      "version": "0.23.5",
      "resolved": "https://registry.npmjs.org/nodejs-polars-linux-x64-musl/-/nodejs-polars-linux-x64-musl-0.23.5.tgz",
      "integrity": "sha512-xhO1GOryOt1B8r+D4MnYtIqL9jou9MY9M6UqbBUh//bNtO1meJ9i5Os4a9i3zeay5graHxiQR3ZJ8433OzI6eQ==",
      "cpu": [
        "x64"
      ],
      "license": "SEE LICENSE IN LICENSE",
      "optional": true,
      "os": [
        "linux"
      ],
      "engines": {
        "node": ">= 16"
      }
    },
    "node_modules/nodejs-polars-win32-x64-msvc": {
      "version": "0.23.5",
      "resolved": "https://registry.npmjs.org/nodejs-polars-win32-x64-msvc/-/nodejs-polars-win32-x64-msvc-0.23.5.tgz",
      "integrity": "sha512-fqf5u2Q9/Y8z0lZfkxL7eQ6fgYiIqs2hOF50TIqcZKGFzQSY+pnt6hibQgEADQUXWrO7zeKfgI+9D3/y84aIXQ==",
      "cpu": [
        "x64"
      ],
      "license": "SEE LICENSE IN LICENSE",
      "optional": true,
      "os": [
        "win32"
      ],
      "engines": {
        "node": ">= 16"
      }
    }
  }
}
